
Microsoft Visual Studio Solution File, Format Version 12.00
# Visual Studio 15
VisualStudioVersion = 15.0.28307.902
MinimumVisualStudioVersion = 10.0.40219.1
Project("{FAE04EC0-301F-11D3-BF4B-00C04F79EFBC}") = "User-Client", "User-Client\User-Client.csproj", "{D69E3D76-407B-48A9-90AF-81960894CDFA}"
EndProject
Global
	GlobalSection(SolutionConfigurationPlatforms) = preSolution
		Debug|Any CPU = Debug|Any CPU
		Release|Any CPU = Release|Any CPU
	EndGlobalSection
	GlobalSection(ProjectConfigurationPlatforms) = postSolution
		{D69E3D76-407B-48A9-90AF-81960894CDFA}.Debug|Any CPU.ActiveCfg = Debug|Any CPU
		{D69E3D76-407B-48A9-90AF-81960894CDFA}.Debug|Any CPU.Build.0 = Debug|Any CPU
		{D69E3D76-407B-48A9-90AF-81960894CDFA}.Release|Any CPU.ActiveCfg = Release|Any CPU
		{D69E3D76-407B-48A9-90AF-81960894CDFA}.Release|Any CPU.Build.0 = Release|Any CPU
	EndGlobalSection
	GlobalSection(SolutionProperties) = preSolution
		HideSolutionNode = FALSE
	EndGlobalSection
	GlobalSection(ExtensibilityGlobals) = postSolution
		SolutionGuid = {57660FB6-F7AC-44C6-99AC-B3200BD4356F}
	EndGlobalSection
EndGlobal
